
Microsoft Visual Studio Solution File, Format Version 12.00
# Visual Studio Version 16
VisualStudioVersion = 16.0.31702.278
MinimumVisualStudioVersion = 10.0.40219.1
Project("{FAE04EC0-301F-11D3-BF4B-00C04F79EFBC}") = "Commands_lab", "Commands_lab\Commands_lab.csproj", "{E8BAF148-1B4C-4350-8331-48B14897E7D0}"
EndProject
Global
	GlobalSection(SolutionConfigurationPlatforms) = preSolution
		Debug|Any CPU = Debug|Any CPU
		Release|Any CPU = Release|Any CPU
	EndGlobalSection
	GlobalSection(ProjectConfigurationPlatforms) = postSolution
		{E8BAF148-1B4C-4350-8331-48B14897E7D0}.Debug|Any CPU.ActiveCfg = Debug|Any CPU
		{E8BAF148-1B4C-4350-8331-48B14897E7D0}.Debug|Any CPU.Build.0 = Debug|Any CPU
		{E8BAF148-1B4C-4350-8331-48B14897E7D0}.Release|Any CPU.ActiveCfg = Release|Any CPU
		{E8BAF148-1B4C-4350-8331-48B14897E7D0}.Release|Any CPU.Build.0 = Release|Any CPU
	EndGlobalSection
	GlobalSection(SolutionProperties) = preSolution
		HideSolutionNode = FALSE
	EndGlobalSection
	GlobalSection(ExtensibilityGlobals) = postSolution
		SolutionGuid = {FC731A13-BF32-43B4-97EB-2521DCA5D039}
	EndGlobalSection
EndGlobal
